// !$*UTF8*$!
{
	archiveVersion = 1;
	classes = {
	};
	objectVersion = 56;
	objects = {

/* Begin PBXBuildFile section */
		452B43D72AADBDCE00CFE5EC /* IOS_Expense_Tracking_AppApp.swift in Sources */ = {isa = PBXBuildFile; fileRef = 452B43D62AADBDCE00CFE5EC /* IOS_Expense_Tracking_AppApp.swift */; };
		452B43D92AADBDCE00CFE5EC /* ContentView.swift in Sources */ = {isa = PBXBuildFile; fileRef = 452B43D82AADBDCE00CFE5EC /* ContentView.swift */; };
		452B43DB2AADBDD300CFE5EC /* Assets.xcassets in Resources */ = {isa = PBXBuildFile; fileRef = 452B43DA2AADBDD300CFE5EC /* Assets.xcassets */; };
		452B43DF2AADBDD300CFE5EC /* Preview Assets.xcassets in Resources */ = {isa = PBXBuildFile; fileRef = 452B43DE2AADBDD300CFE5EC /* Preview Assets.xcassets */; };
		452B43E82AADC96700CFE5EC /* HomeView.swift in Sources */ = {isa = PBXBuildFile; fileRef = 452B43E72AADC96700CFE5EC /* HomeView.swift */; };
		452B43EC2AADC9D400CFE5EC /* LoginView.swift in Sources */ = {isa = PBXBuildFile; fileRef = 452B43EB2AADC9D400CFE5EC /* LoginView.swift */; };
		452B43EE2AADFDDC00CFE5EC /* SignUpView.swift in Sources */ = {isa = PBXBuildFile; fileRef = 452B43ED2AADFDDC00CFE5EC /* SignUpView.swift */; };
		457B9B002AB5CB1F00762105 /* ErrorView.swift in Sources */ = {isa = PBXBuildFile; fileRef = 457B9AFF2AB5CB1F00762105 /* ErrorView.swift */; };
		457B9B022AB5F6B600762105 /* GoogleService-Info.plist in Resources */ = {isa = PBXBuildFile; fileRef = 457B9B012AB5F6B500762105 /* GoogleService-Info.plist */; };
		457B9B062AB6059300762105 /* FirebaseAnalytics in Frameworks */ = {isa = PBXBuildFile; productRef = 457B9B052AB6059300762105 /* FirebaseAnalytics */; };
		457B9B082AB6059300762105 /* FirebaseAnalyticsSwift in Frameworks */ = {isa = PBXBuildFile; productRef = 457B9B072AB6059300762105 /* FirebaseAnalyticsSwift */; };
		457B9B0A2AB6059300762105 /* FirebaseDatabase in Frameworks */ = {isa = PBXBuildFile; productRef = 457B9B092AB6059300762105 /* FirebaseDatabase */; };
		457B9B0C2AB6059300762105 /* FirebaseFirestoreCombine-Community in Frameworks */ = {isa = PBXBuildFile; productRef = 457B9B0B2AB6059300762105 /* FirebaseFirestoreCombine-Community */; };
		457B9B0E2AB6059300762105 /* FirebaseStorage in Frameworks */ = {isa = PBXBuildFile; productRef = 457B9B0D2AB6059300762105 /* FirebaseStorage */; };
		457B9B112AB625BB00762105 /* FirebaseAuth in Frameworks */ = {isa = PBXBuildFile; productRef = 457B9B102AB625BB00762105 /* FirebaseAuth */; };
		457B9B132AB62AC400762105 /* Homescreen.swift in Sources */ = {isa = PBXBuildFile; fileRef = 457B9B122AB62AC400762105 /* Homescreen.swift */; };
		45BA87A52ABEE51C00E4D225 /* DashboardBaseView.swift in Sources */ = {isa = PBXBuildFile; fileRef = 45BA87A42ABEE51C00E4D225 /* DashboardBaseView.swift */; };
		45BA87A72ABEE55D00E4D225 /* GraphView.swift in Sources */ = {isa = PBXBuildFile; fileRef = 45BA87A62ABEE55D00E4D225 /* GraphView.swift */; };
		45BA87A92ABEF30500E4D225 /* SettingsView.swift in Sources */ = {isa = PBXBuildFile; fileRef = 45BA87A82ABEF30500E4D225 /* SettingsView.swift */; };
		45BA87AE2ABF772900E4D225 /* ExpensesView.swift in Sources */ = {isa = PBXBuildFile; fileRef = 45BA87AD2ABF772900E4D225 /* ExpensesView.swift */; };
		45BA87B02ABF77AF00E4D225 /* CategoryView.swift in Sources */ = {isa = PBXBuildFile; fileRef = 45BA87AF2ABF77AF00E4D225 /* CategoryView.swift */; };
		45DEA4CD2AB7E4DB00AEB8C4 /* Sales.swift in Sources */ = {isa = PBXBuildFile; fileRef = 45DEA4CC2AB7E4DB00AEB8C4 /* Sales.swift */; };
		45DEA4CF2AB7E53100AEB8C4 /* DashboardView.swift in Sources */ = {isa = PBXBuildFile; fileRef = 45DEA4CE2AB7E53100AEB8C4 /* DashboardView.swift */; };
/* End PBXBuildFile section */

/* Begin PBXFileReference section */
		452B43D32AADBDCE00CFE5EC /* IOS-Expense-Tracking-App.app */ = {isa = PBXFileReference; explicitFileType = wrapper.application; includeInIndex = 0; path = "IOS-Expense-Tracking-App.app"; sourceTree = BUILT_PRODUCTS_DIR; };
		452B43D62AADBDCE00CFE5EC /* IOS_Expense_Tracking_AppApp.swift */ = {isa = PBXFileReference; lastKnownFileType = sourcecode.swift; path = IOS_Expense_Tracking_AppApp.swift; sourceTree = "<group>"; };
		452B43D82AADBDCE00CFE5EC /* ContentView.swift */ = {isa = PBXFileReference; lastKnownFileType = sourcecode.swift; path = ContentView.swift; sourceTree = "<group>"; };
		452B43DA2AADBDD300CFE5EC /* Assets.xcassets */ = {isa = PBXFileReference; lastKnownFileType = folder.assetcatalog; path = Assets.xcassets; sourceTree = "<group>"; };
		452B43DC2AADBDD300CFE5EC /* IOS_Expense_Tracking_App.entitlements */ = {isa = PBXFileReference; lastKnownFileType = text.plist.entitlements; path = IOS_Expense_Tracking_App.entitlements; sourceTree = "<group>"; };
		452B43DE2AADBDD300CFE5EC /* Preview Assets.xcassets */ = {isa = PBXFileReference; lastKnownFileType = folder.assetcatalog; path = "Preview Assets.xcassets"; sourceTree = "<group>"; };
		452B43E72AADC96700CFE5EC /* HomeView.swift */ = {isa = PBXFileReference; lastKnownFileType = sourcecode.swift; path = HomeView.swift; sourceTree = "<group>"; };
		452B43EB2AADC9D400CFE5EC /* LoginView.swift */ = {isa = PBXFileReference; lastKnownFileType = sourcecode.swift; path = LoginView.swift; sourceTree = "<group>"; wrapsLines = 1; };
		452B43ED2AADFDDC00CFE5EC /* SignUpView.swift */ = {isa = PBXFileReference; lastKnownFileType = sourcecode.swift; path = SignUpView.swift; sourceTree = "<group>"; };
		457B9AFF2AB5CB1F00762105 /* ErrorView.swift */ = {isa = PBXFileReference; lastKnownFileType = sourcecode.swift; path = ErrorView.swift; sourceTree = "<group>"; };
		457B9B012AB5F6B500762105 /* GoogleService-Info.plist */ = {isa = PBXFileReference; fileEncoding = 4; lastKnownFileType = text.plist.xml; name = "GoogleService-Info.plist"; path = "../../../Downloads/GoogleService-Info.plist"; sourceTree = "<group>"; };
		457B9B032AB5F6D000762105 /* GoogleService-Info.plist */ = {isa = PBXFileReference; lastKnownFileType = text.plist.xml; path = "GoogleService-Info.plist"; sourceTree = "<group>"; };
		457B9B122AB62AC400762105 /* Homescreen.swift */ = {isa = PBXFileReference; lastKnownFileType = sourcecode.swift; path = Homescreen.swift; sourceTree = "<group>"; };
		45BA87A42ABEE51C00E4D225 /* DashboardBaseView.swift */ = {isa = PBXFileReference; lastKnownFileType = sourcecode.swift; path = DashboardBaseView.swift; sourceTree = "<group>"; };
		45BA87A62ABEE55D00E4D225 /* GraphView.swift */ = {isa = PBXFileReference; lastKnownFileType = sourcecode.swift; path = GraphView.swift; sourceTree = "<group>"; };
		45BA87A82ABEF30500E4D225 /* SettingsView.swift */ = {isa = PBXFileReference; lastKnownFileType = sourcecode.swift; path = SettingsView.swift; sourceTree = "<group>"; };
		45BA87AD2ABF772900E4D225 /* ExpensesView.swift */ = {isa = PBXFileReference; lastKnownFileType = sourcecode.swift; path = ExpensesView.swift; sourceTree = "<group>"; };
		45BA87AF2ABF77AF00E4D225 /* CategoryView.swift */ = {isa = PBXFileReference; lastKnownFileType = sourcecode.swift; path = CategoryView.swift; sourceTree = "<group>"; };
		45DEA4CC2AB7E4DB00AEB8C4 /* Sales.swift */ = {isa = PBXFileReference; lastKnownFileType = sourcecode.swift; path = Sales.swift; sourceTree = "<group>"; };
		45DEA4CE2AB7E53100AEB8C4 /* DashboardView.swift */ = {isa = PBXFileReference; lastKnownFileType = sourcecode.swift; path = DashboardView.swift; sourceTree = "<group>"; };
/* End PBXFileReference section */

/* Begin PBXFrameworksBuildPhase section */
		452B43D02AADBDCE00CFE5EC /* Frameworks */ = {
			isa = PBXFrameworksBuildPhase;
			buildActionMask = 2147483647;
			files = (
				457B9B0A2AB6059300762105 /* FirebaseDatabase in Frameworks */,
				457B9B112AB625BB00762105 /* FirebaseAuth in Frameworks */,
				457B9B0C2AB6059300762105 /* FirebaseFirestoreCombine-Community in Frameworks */,
				457B9B082AB6059300762105 /* FirebaseAnalyticsSwift in Frameworks */,
				457B9B0E2AB6059300762105 /* FirebaseStorage in Frameworks */,
				457B9B062AB6059300762105 /* FirebaseAnalytics in Frameworks */,
			);
			runOnlyForDeploymentPostprocessing = 0;
		};
/* End PBXFrameworksBuildPhase section */

/* Begin PBXGroup section */
		452B43CA2AADBDCE00CFE5EC = {
			isa = PBXGroup;
			children = (
				457B9B012AB5F6B500762105 /* GoogleService-Info.plist */,
				452B43D52AADBDCE00CFE5EC /* IOS-Expense-Tracking-App */,
				452B43D42AADBDCE00CFE5EC /* Products */,
				457B9B0F2AB625BB00762105 /* Frameworks */,
			);
			sourceTree = "<group>";
		};
		452B43D42AADBDCE00CFE5EC /* Products */ = {
			isa = PBXGroup;
			children = (
				452B43D32AADBDCE00CFE5EC /* IOS-Expense-Tracking-App.app */,
			);
			name = Products;
			sourceTree = "<group>";
		};
		452B43D52AADBDCE00CFE5EC /* IOS-Expense-Tracking-App */ = {
			isa = PBXGroup;
			children = (
				457B9B032AB5F6D000762105 /* GoogleService-Info.plist */,
				452B43E52AADBE6000CFE5EC /* ExpenseTrackingApp */,
				452B43D62AADBDCE00CFE5EC /* IOS_Expense_Tracking_AppApp.swift */,
				452B43D82AADBDCE00CFE5EC /* ContentView.swift */,
				452B43DA2AADBDD300CFE5EC /* Assets.xcassets */,
				452B43DC2AADBDD300CFE5EC /* IOS_Expense_Tracking_App.entitlements */,
				452B43DD2AADBDD300CFE5EC /* Preview Content */,
			);
			path = "IOS-Expense-Tracking-App";
			sourceTree = "<group>";
		};
		452B43DD2AADBDD300CFE5EC /* Preview Content */ = {
			isa = PBXGroup;
			children = (
				452B43DE2AADBDD300CFE5EC /* Preview Assets.xcassets */,
			);
			path = "Preview Content";
			sourceTree = "<group>";
		};
		452B43E52AADBE6000CFE5EC /* ExpenseTrackingApp */ = {
			isa = PBXGroup;
			children = (
				45BA87AA2ABF187500E4D225 /* ViewModel */,
				45DEA4CB2AB7E49C00AEB8C4 /* Model */,
				452B43E62AADC94100CFE5EC /* Views */,
			);
			path = ExpenseTrackingApp;
			sourceTree = "<group>";
		};
		452B43E62AADC94100CFE5EC /* Views */ = {
			isa = PBXGroup;
			children = (
				452B43E72AADC96700CFE5EC /* HomeView.swift */,
				452B43EB2AADC9D400CFE5EC /* LoginView.swift */,
				452B43ED2AADFDDC00CFE5EC /* SignUpView.swift */,
				457B9AFF2AB5CB1F00762105 /* ErrorView.swift */,
				457B9B122AB62AC400762105 /* Homescreen.swift */,
				45DEA4CE2AB7E53100AEB8C4 /* DashboardView.swift */,
				45BA87A42ABEE51C00E4D225 /* DashboardBaseView.swift */,
				45BA87A62ABEE55D00E4D225 /* GraphView.swift */,
				45BA87A82ABEF30500E4D225 /* SettingsView.swift */,
				45BA87AD2ABF772900E4D225 /* ExpensesView.swift */,
				45BA87AF2ABF77AF00E4D225 /* CategoryView.swift */,
			);
			path = Views;
			sourceTree = "<group>";
		};
		457B9B0F2AB625BB00762105 /* Frameworks */ = {
			isa = PBXGroup;
			children = (
			);
			name = Frameworks;
			sourceTree = "<group>";
		};
		45BA87AA2ABF187500E4D225 /* ViewModel */ = {
			isa = PBXGroup;
			children = (
			);
			path = ViewModel;
			sourceTree = "<group>";
		};
		45DEA4CB2AB7E49C00AEB8C4 /* Model */ = {
			isa = PBXGroup;
			children = (
				45DEA4CC2AB7E4DB00AEB8C4 /* Sales.swift */,
			);
			path = Model;
			sourceTree = "<group>";
		};
/* End PBXGroup section */

/* Begin PBXNativeTarget section */
		452B43D22AADBDCE00CFE5EC /* IOS-Expense-Tracking-App */ = {
			isa = PBXNativeTarget;
			buildConfigurationList = 452B43E22AADBDD300CFE5EC /* Build configuration list for PBXNativeTarget "IOS-Expense-Tracking-App" */;
			buildPhases = (
				452B43CF2AADBDCE00CFE5EC /* Sources */,
				452B43D02AADBDCE00CFE5EC /* Frameworks */,
				452B43D12AADBDCE00CFE5EC /* Resources */,
			);
			buildRules = (
			);
			dependencies = (
			);
			name = "IOS-Expense-Tracking-App";
			packageProductDependencies = (
				457B9B052AB6059300762105 /* FirebaseAnalytics */,
				457B9B072AB6059300762105 /* FirebaseAnalyticsSwift */,
				457B9B092AB6059300762105 /* FirebaseDatabase */,
				457B9B0B2AB6059300762105 /* FirebaseFirestoreCombine-Community */,
				457B9B0D2AB6059300762105 /* FirebaseStorage */,
				457B9B102AB625BB00762105 /* FirebaseAuth */,
			);
			productName = "IOS-Expense-Tracking-App";
			productReference = 452B43D32AADBDCE00CFE5EC /* IOS-Expense-Tracking-App.app */;
			productType = "com.apple.product-type.application";
		};
/* End PBXNativeTarget section */

/* Begin PBXProject section */
		452B43CB2AADBDCE00CFE5EC /* Project object */ = {
			isa = PBXProject;
			attributes = {
				BuildIndependentTargetsInParallel = 1;
				LastSwiftUpdateCheck = 1430;
				LastUpgradeCheck = 1430;
				TargetAttributes = {
					452B43D22AADBDCE00CFE5EC = {
						CreatedOnToolsVersion = 14.3.1;
					};
				};
			};
			buildConfigurationList = 452B43CE2AADBDCE00CFE5EC /* Build configuration list for PBXProject "IOS-Expense-Tracking-App" */;
			compatibilityVersion = "Xcode 14.0";
			developmentRegion = en;
			hasScannedForEncodings = 0;
			knownRegions = (
				en,
				Base,
			);
			mainGroup = 452B43CA2AADBDCE00CFE5EC;
			packageReferences = (
				457B9B042AB6059300762105 /* XCRemoteSwiftPackageReference "firebase-ios-sdk" */,
			);
			productRefGroup = 452B43D42AADBDCE00CFE5EC /* Products */;
			projectDirPath = "";
			projectRoot = "";
			targets = (
				452B43D22AADBDCE00CFE5EC /* IOS-Expense-Tracking-App */,
			);
		};
/* End PBXProject section */

/* Begin PBXResourcesBuildPhase section */
		452B43D12AADBDCE00CFE5EC /* Resources */ = {
			isa = PBXResourcesBuildPhase;
			buildActionMask = 2147483647;
			files = (
				452B43DF2AADBDD300CFE5EC /* Preview Assets.xcassets in Resources */,
				452B43DB2AADBDD300CFE5EC /* Assets.xcassets in Resources */,
				457B9B022AB5F6B600762105 /* GoogleService-Info.plist in Resources */,
			);
			runOnlyForDeploymentPostprocessing = 0;
		};
/* End PBXResourcesBuildPhase section */

/* Begin PBXSourcesBuildPhase section */
		452B43CF2AADBDCE00CFE5EC /* Sources */ = {
			isa = PBXSourcesBuildPhase;
			buildActionMask = 2147483647;
			files = (
				452B43E82AADC96700CFE5EC /* HomeView.swift in Sources */,
				457B9B002AB5CB1F00762105 /* ErrorView.swift in Sources */,
				452B43D92AADBDCE00CFE5EC /* ContentView.swift in Sources */,
				45BA87A72ABEE55D00E4D225 /* GraphView.swift in Sources */,
				452B43EC2AADC9D400CFE5EC /* LoginView.swift in Sources */,
				45DEA4CF2AB7E53100AEB8C4 /* DashboardView.swift in Sources */,
				452B43D72AADBDCE00CFE5EC /* IOS_Expense_Tracking_AppApp.swift in Sources */,
				452B43EE2AADFDDC00CFE5EC /* SignUpView.swift in Sources */,
				45BA87B02ABF77AF00E4D225 /* CategoryView.swift in Sources */,
				45BA87A52ABEE51C00E4D225 /* DashboardBaseView.swift in Sources */,
				45BA87A92ABEF30500E4D225 /* SettingsView.swift in Sources */,
				45DEA4CD2AB7E4DB00AEB8C4 /* Sales.swift in Sources */,
				457B9B132AB62AC400762105 /* Homescreen.swift in Sources */,
				45BA87AE2ABF772900E4D225 /* ExpensesView.swift in Sources */,
			);
			runOnlyForDeploymentPostprocessing = 0;
		};
/* End PBXSourcesBuildPhase section */

/* Begin XCBuildConfiguration section */
		452B43E02AADBDD300CFE5EC /* Debug */ = {
			isa = XCBuildConfiguration;
			buildSettings = {
				ALWAYS_SEARCH_USER_PATHS = NO;
				CLANG_ANALYZER_NONNULL = YES;
				CLANG_ANALYZER_NUMBER_OBJECT_CONVERSION = YES_AGGRESSIVE;
				CLANG_CXX_LANGUAGE_STANDARD = "gnu++20";
				CLANG_ENABLE_MODULES = YES;
				CLANG_ENABLE_OBJC_ARC = YES;
				CLANG_ENABLE_OBJC_WEAK = YES;
				CLANG_WARN_BLOCK_CAPTURE_AUTORELEASING = YES;
				CLANG_WARN_BOOL_CONVERSION = YES;
				CLANG_WARN_COMMA = YES;
				CLANG_WARN_CONSTANT_CONVERSION = YES;
				CLANG_WARN_DEPRECATED_OBJC_IMPLEMENTATIONS = YES;
				CLANG_WARN_DIRECT_OBJC_ISA_USAGE = YES_ERROR;
				CLANG_WARN_DOCUMENTATION_COMMENTS = YES;
				CLANG_WARN_EMPTY_BODY = YES;
				CLANG_WARN_ENUM_CONVERSION = YES;
				CLANG_WARN_INFINITE_RECURSION = YES;
				CLANG_WARN_INT_CONVERSION = YES;
				CLANG_WARN_NON_LITERAL_NULL_CONVERSION = YES;
				CLANG_WARN_OBJC_IMPLICIT_RETAIN_SELF = YES;
				CLANG_WARN_OBJC_LITERAL_CONVERSION = YES;
				CLANG_WARN_OBJC_ROOT_CLASS = YES_ERROR;
				CLANG_WARN_QUOTED_INCLUDE_IN_FRAMEWORK_HEADER = YES;
				CLANG_WARN_RANGE_LOOP_ANALYSIS = YES;
				CLANG_WARN_STRICT_PROTOTYPES = YES;
				CLANG_WARN_SUSPICIOUS_MOVE = YES;
				CLANG_WARN_UNGUARDED_AVAILABILITY = YES_AGGRESSIVE;
				CLANG_WARN_UNREACHABLE_CODE = YES;
				CLANG_WARN__DUPLICATE_METHOD_MATCH = YES;
				COPY_PHASE_STRIP = NO;
				DEBUG_INFORMATION_FORMAT = dwarf;
				ENABLE_STRICT_OBJC_MSGSEND = YES;
				ENABLE_TESTABILITY = YES;
				GCC_C_LANGUAGE_STANDARD = gnu11;
				GCC_DYNAMIC_NO_PIC = NO;
				GCC_NO_COMMON_BLOCKS = YES;
				GCC_OPTIMIZATION_LEVEL = 0;
				GCC_PREPROCESSOR_DEFINITIONS = (
					"DEBUG=1",
					"$(inherited)",
				);
				GCC_WARN_64_TO_32_BIT_CONVERSION = YES;
				GCC_WARN_ABOUT_RETURN_TYPE = YES_ERROR;
				GCC_WARN_UNDECLARED_SELECTOR = YES;
				GCC_WARN_UNINITIALIZED_AUTOS = YES_AGGRESSIVE;
				GCC_WARN_UNUSED_FUNCTION = YES;
				GCC_WARN_UNUSED_VARIABLE = YES;
				MTL_ENABLE_DEBUG_INFO = INCLUDE_SOURCE;
				MTL_FAST_MATH = YES;
				ONLY_ACTIVE_ARCH = YES;
				SWIFT_ACTIVE_COMPILATION_CONDITIONS = DEBUG;
				SWIFT_OPTIMIZATION_LEVEL = "-Onone";
			};
			name = Debug;
		};
		452B43E12AADBDD300CFE5EC /* Release */ = {
			isa = XCBuildConfiguration;
			buildSettings = {
				ALWAYS_SEARCH_USER_PATHS = NO;
				CLANG_ANALYZER_NONNULL = YES;
				CLANG_ANALYZER_NUMBER_OBJECT_CONVERSION = YES_AGGRESSIVE;
				CLANG_CXX_LANGUAGE_STANDARD = "gnu++20";
				CLANG_ENABLE_MODULES = YES;
				CLANG_ENABLE_OBJC_ARC = YES;
				CLANG_ENABLE_OBJC_WEAK = YES;
				CLANG_WARN_BLOCK_CAPTURE_AUTORELEASING = YES;
				CLANG_WARN_BOOL_CONVERSION = YES;
				CLANG_WARN_COMMA = YES;
				CLANG_WARN_CONSTANT_CONVERSION = YES;
				CLANG_WARN_DEPRECATED_OBJC_IMPLEMENTATIONS = YES;
				CLANG_WARN_DIRECT_OBJC_ISA_USAGE = YES_ERROR;
				CLANG_WARN_DOCUMENTATION_COMMENTS = YES;
				CLANG_WARN_EMPTY_BODY = YES;
				CLANG_WARN_ENUM_CONVERSION = YES;
				CLANG_WARN_INFINITE_RECURSION = YES;
				CLANG_WARN_INT_CONVERSION = YES;
				CLANG_WARN_NON_LITERAL_NULL_CONVERSION = YES;
				CLANG_WARN_OBJC_IMPLICIT_RETAIN_SELF = YES;
				CLANG_WARN_OBJC_LITERAL_CONVERSION = YES;
				CLANG_WARN_OBJC_ROOT_CLASS = YES_ERROR;
				CLANG_WARN_QUOTED_INCLUDE_IN_FRAMEWORK_HEADER = YES;
				CLANG_WARN_RANGE_LOOP_ANALYSIS = YES;
				CLANG_WARN_STRICT_PROTOTYPES = YES;
				CLANG_WARN_SUSPICIOUS_MOVE = YES;
				CLANG_WARN_UNGUARDED_AVAILABILITY = YES_AGGRESSIVE;
				CLANG_WARN_UNREACHABLE_CODE = YES;
				CLANG_WARN__DUPLICATE_METHOD_MATCH = YES;
				COPY_PHASE_STRIP = NO;
				DEBUG_INFORMATION_FORMAT = "dwarf-with-dsym";
				ENABLE_NS_ASSERTIONS = NO;
				ENABLE_STRICT_OBJC_MSGSEND = YES;
				GCC_C_LANGUAGE_STANDARD = gnu11;
				GCC_NO_COMMON_BLOCKS = YES;
				GCC_WARN_64_TO_32_BIT_CONVERSION = YES;
				GCC_WARN_ABOUT_RETURN_TYPE = YES_ERROR;
				GCC_WARN_UNDECLARED_SELECTOR = YES;
				GCC_WARN_UNINITIALIZED_AUTOS = YES_AGGRESSIVE;
				GCC_WARN_UNUSED_FUNCTION = YES;
				GCC_WARN_UNUSED_VARIABLE = YES;
				MTL_ENABLE_DEBUG_INFO = NO;
				MTL_FAST_MATH = YES;
				SWIFT_COMPILATION_MODE = wholemodule;
				SWIFT_OPTIMIZATION_LEVEL = "-O";
			};
			name = Release;
		};
		452B43E32AADBDD300CFE5EC /* Debug */ = {
			isa = XCBuildConfiguration;
			buildSettings = {
				ASSETCATALOG_COMPILER_APPICON_NAME = AppIcon;
				ASSETCATALOG_COMPILER_GLOBAL_ACCENT_COLOR_NAME = AccentColor;
				CODE_SIGN_ENTITLEMENTS = "IOS-Expense-Tracking-App/IOS_Expense_Tracking_App.entitlements";
				CODE_SIGN_STYLE = Automatic;
				CURRENT_PROJECT_VERSION = 1;
				DEVELOPMENT_ASSET_PATHS = "\"IOS-Expense-Tracking-App/Preview Content\"";
				ENABLE_PREVIEWS = YES;
				GENERATE_INFOPLIST_FILE = YES;
				"INFOPLIST_KEY_UIApplicationSceneManifest_Generation[sdk=iphoneos*]" = YES;
				"INFOPLIST_KEY_UIApplicationSceneManifest_Generation[sdk=iphonesimulator*]" = YES;
				"INFOPLIST_KEY_UIApplicationSupportsIndirectInputEvents[sdk=iphoneos*]" = YES;
				"INFOPLIST_KEY_UIApplicationSupportsIndirectInputEvents[sdk=iphonesimulator*]" = YES;
				"INFOPLIST_KEY_UILaunchScreen_Generation[sdk=iphoneos*]" = YES;
				"INFOPLIST_KEY_UILaunchScreen_Generation[sdk=iphonesimulator*]" = YES;
				"INFOPLIST_KEY_UIStatusBarStyle[sdk=iphoneos*]" = UIStatusBarStyleDefault;
				"INFOPLIST_KEY_UIStatusBarStyle[sdk=iphonesimulator*]" = UIStatusBarStyleDefault;
				INFOPLIST_KEY_UISupportedInterfaceOrientations_iPad = "UIInterfaceOrientationPortrait UIInterfaceOrientationPortraitUpsideDown UIInterfaceOrientationLandscapeLeft UIInterfaceOrientationLandscapeRight";
				INFOPLIST_KEY_UISupportedInterfaceOrientations_iPhone = "UIInterfaceOrientationPortrait UIInterfaceOrientationLandscapeLeft UIInterfaceOrientationLandscapeRight";
				IPHONEOS_DEPLOYMENT_TARGET = 16.4;
				LD_RUNPATH_SEARCH_PATHS = "@executable_path/Frameworks";
				"LD_RUNPATH_SEARCH_PATHS[sdk=macosx*]" = "@executable_path/../Frameworks";
				MACOSX_DEPLOYMENT_TARGET = 13.3;
				MARKETING_VERSION = 1.0;
				PRODUCT_BUNDLE_IDENTIFIER = "nibm.IOS-Expense-Tracking-App";
				PRODUCT_NAME = "$(TARGET_NAME)";
				SDKROOT = auto;
				SUPPORTED_PLATFORMS = "iphoneos iphonesimulator macosx";
				SWIFT_EMIT_LOC_STRINGS = YES;
				SWIFT_VERSION = 5.0;
				TARGETED_DEVICE_FAMILY = "1,2";
			};
			name = Debug;
		};
		452B43E42AADBDD300CFE5EC /* Release */ = {
			isa = XCBuildConfiguration;
			buildSettings = {
				ASSETCATALOG_COMPILER_APPICON_NAME = AppIcon;
				ASSETCATALOG_COMPILER_GLOBAL_ACCENT_COLOR_NAME = AccentColor;
				CODE_SIGN_ENTITLEMENTS = "IOS-Expense-Tracking-App/IOS_Expense_Tracking_App.entitlements";
				CODE_SIGN_STYLE = Automatic;
				CURRENT_PROJECT_VERSION = 1;
				DEVELOPMENT_ASSET_PATHS = "\"IOS-Expense-Tracking-App/Preview Content\"";
				ENABLE_PREVIEWS = YES;
				GENERATE_INFOPLIST_FILE = YES;
				"INFOPLIST_KEY_UIApplicationSceneManifest_Generation[sdk=iphoneos*]" = YES;
				"INFOPLIST_KEY_UIApplicationSceneManifest_Generation[sdk=iphonesimulator*]" = YES;
				"INFOPLIST_KEY_UIApplicationSupportsIndirectInputEvents[sdk=iphoneos*]" = YES;
				"INFOPLIST_KEY_UIApplicationSupportsIndirectInputEvents[sdk=iphonesimulator*]" = YES;
				"INFOPLIST_KEY_UILaunchScreen_Generation[sdk=iphoneos*]" = YES;
				"INFOPLIST_KEY_UILaunchScreen_Generation[sdk=iphonesimulator*]" = YES;
				"INFOPLIST_KEY_UIStatusBarStyle[sdk=iphoneos*]" = UIStatusBarStyleDefault;
				"INFOPLIST_KEY_UIStatusBarStyle[sdk=iphonesimulator*]" = UIStatusBarStyleDefault;
				INFOPLIST_KEY_UISupportedInterfaceOrientations_iPad = "UIInterfaceOrientationPortrait UIInterfaceOrientationPortraitUpsideDown UIInterfaceOrientationLandscapeLeft UIInterfaceOrientationLandscapeRight";
				INFOPLIST_KEY_UISupportedInterfaceOrientations_iPhone = "UIInterfaceOrientationPortrait UIInterfaceOrientationLandscapeLeft UIInterfaceOrientationLandscapeRight";
				IPHONEOS_DEPLOYMENT_TARGET = 16.4;
				LD_RUNPATH_SEARCH_PATHS = "@executable_path/Frameworks";
				"LD_RUNPATH_SEARCH_PATHS[sdk=macosx*]" = "@executable_path/../Frameworks";
				MACOSX_DEPLOYMENT_TARGET = 13.3;
				MARKETING_VERSION = 1.0;
				PRODUCT_BUNDLE_IDENTIFIER = "nibm.IOS-Expense-Tracking-App";
				PRODUCT_NAME = "$(TARGET_NAME)";
				SDKROOT = auto;
				SUPPORTED_PLATFORMS = "iphoneos iphonesimulator macosx";
				SWIFT_EMIT_LOC_STRINGS = YES;
				SWIFT_VERSION = 5.0;
				TARGETED_DEVICE_FAMILY = "1,2";
			};
			name = Release;
		};
/* End XCBuildConfiguration section */

/* Begin XCConfigurationList section */
		452B43CE2AADBDCE00CFE5EC /* Build configuration list for PBXProject "IOS-Expense-Tracking-App" */ = {
			isa = XCConfigurationList;
			buildConfigurations = (
				452B43E02AADBDD300CFE5EC /* Debug */,
				452B43E12AADBDD300CFE5EC /* Release */,
			);
			defaultConfigurationIsVisible = 0;
			defaultConfigurationName = Release;
		};
		452B43E22AADBDD300CFE5EC /* Build configuration list for PBXNativeTarget "IOS-Expense-Tracking-App" */ = {
			isa = XCConfigurationList;
			buildConfigurations = (
				452B43E32AADBDD300CFE5EC /* Debug */,
				452B43E42AADBDD300CFE5EC /* Release */,
			);
			defaultConfigurationIsVisible = 0;
			defaultConfigurationName = Release;
		};
/* End XCConfigurationList section */

/* Begin XCRemoteSwiftPackageReference section */
		457B9B042AB6059300762105 /* XCRemoteSwiftPackageReference "firebase-ios-sdk" */ = {
			isa = XCRemoteSwiftPackageReference;
			repositoryURL = "https://github.com/firebase/firebase-ios-sdk";
			requirement = {
				kind = upToNextMajorVersion;
				minimumVersion = 10.0.0;
			};
		};
/* End XCRemoteSwiftPackageReference section */

/* Begin XCSwiftPackageProductDependency section */
		457B9B052AB6059300762105 /* FirebaseAnalytics */ = {
			isa = XCSwiftPackageProductDependency;
			package = 457B9B042AB6059300762105 /* XCRemoteSwiftPackageReference "firebase-ios-sdk" */;
			productName = FirebaseAnalytics;
		};
		457B9B072AB6059300762105 /* FirebaseAnalyticsSwift */ = {
			isa = XCSwiftPackageProductDependency;
			package = 457B9B042AB6059300762105 /* XCRemoteSwiftPackageReference "firebase-ios-sdk" */;
			productName = FirebaseAnalyticsSwift;
		};
		457B9B092AB6059300762105 /* FirebaseDatabase */ = {
			isa = XCSwiftPackageProductDependency;
			package = 457B9B042AB6059300762105 /* XCRemoteSwiftPackageReference "firebase-ios-sdk" */;
			productName = FirebaseDatabase;
		};
		457B9B0B2AB6059300762105 /* FirebaseFirestoreCombine-Community */ = {
			isa = XCSwiftPackageProductDependency;
			package = 457B9B042AB6059300762105 /* XCRemoteSwiftPackageReference "firebase-ios-sdk" */;
			productName = "FirebaseFirestoreCombine-Community";
		};
		457B9B0D2AB6059300762105 /* FirebaseStorage */ = {
			isa = XCSwiftPackageProductDependency;
			package = 457B9B042AB6059300762105 /* XCRemoteSwiftPackageReference "firebase-ios-sdk" */;
			productName = FirebaseStorage;
		};
		457B9B102AB625BB00762105 /* FirebaseAuth */ = {
			isa = XCSwiftPackageProductDependency;
			package = 457B9B042AB6059300762105 /* XCRemoteSwiftPackageReference "firebase-ios-sdk" */;
			productName = FirebaseAuth;
		};
/* End XCSwiftPackageProductDependency section */
	};
	rootObject = 452B43CB2AADBDCE00CFE5EC /* Project object */;
}
